
Microsoft Visual Studio Solution File, Format Version 12.00
# Visual Studio Version 16
VisualStudioVersion = 16.0.30225.117
MinimumVisualStudioVersion = 10.0.40219.1
Project("{FAE04EC0-301F-11D3-BF4B-00C04F79EFBC}") = "OdeToFood", "OdeToFood\OdeToFood.csproj", "{98AC43E0-B101-4E8E-8A3C-824F661F7980}"
EndProject
Project("{FAE04EC0-301F-11D3-BF4B-00C04F79EFBC}") = "OdeToFood.Core", "OdeToFood.Core\OdeToFood.Core.csproj", "{7C1D6EE1-1A65-41FC-9048-CE6C7ECC03D9}"
EndProject
Project("{FAE04EC0-301F-11D3-BF4B-00C04F79EFBC}") = "OdeToFood.Data", "OdeToFood.Data\OdeToFood.Data.csproj", "{6BDF318D-C642-4E60-AF28-9687927CDE69}"
EndProject
Global
	GlobalSection(SolutionConfigurationPlatforms) = preSolution
		Debug|Any CPU = Debug|Any CPU
		Release|Any CPU = Release|Any CPU
	EndGlobalSection
	GlobalSection(ProjectConfigurationPlatforms) = postSolution
		{98AC43E0-B101-4E8E-8A3C-824F661F7980}.Debug|Any CPU.ActiveCfg = Debug|Any CPU
		{98AC43E0-B101-4E8E-8A3C-824F661F7980}.Debug|Any CPU.Build.0 = Debug|Any CPU
		{98AC43E0-B101-4E8E-8A3C-824F661F7980}.Release|Any CPU.ActiveCfg = Release|Any CPU
		{98AC43E0-B101-4E8E-8A3C-824F661F7980}.Release|Any CPU.Build.0 = Release|Any CPU
		{7C1D6EE1-1A65-41FC-9048-CE6C7ECC03D9}.Debug|Any CPU.ActiveCfg = Debug|Any CPU
		{7C1D6EE1-1A65-41FC-9048-CE6C7ECC03D9}.Debug|Any CPU.Build.0 = Debug|Any CPU
		{7C1D6EE1-1A65-41FC-9048-CE6C7ECC03D9}.Release|Any CPU.ActiveCfg = Release|Any CPU
		{7C1D6EE1-1A65-41FC-9048-CE6C7ECC03D9}.Release|Any CPU.Build.0 = Release|Any CPU
		{6BDF318D-C642-4E60-AF28-9687927CDE69}.Debug|Any CPU.ActiveCfg = Debug|Any CPU
		{6BDF318D-C642-4E60-AF28-9687927CDE69}.Debug|Any CPU.Build.0 = Debug|Any CPU
		{6BDF318D-C642-4E60-AF28-9687927CDE69}.Release|Any CPU.ActiveCfg = Release|Any CPU
		{6BDF318D-C642-4E60-AF28-9687927CDE69}.Release|Any CPU.Build.0 = Release|Any CPU
	EndGlobalSection
	GlobalSection(SolutionProperties) = preSolution
		HideSolutionNode = FALSE
	EndGlobalSection
	GlobalSection(ExtensibilityGlobals) = postSolution
		SolutionGuid = {768B63C9-78E6-4DDB-B7BD-FF29E4654FF7}
	EndGlobalSection
EndGlobal
